
Microsoft Visual Studio Solution File, Format Version 12.00
# Visual Studio Version 17
VisualStudioVersion = 17.9.34902.65
MinimumVisualStudioVersion = 10.0.40219.1
Project("{FAE04EC0-301F-11D3-BF4B-00C04F79EFBC}") = "Latih10_KonekDataBase", "Latih10_KonekDataBase.csproj", "{7457D15F-8EC9-4922-B172-A34B239225A7}"
EndProject
Global
	GlobalSection(SolutionConfigurationPlatforms) = preSolution
		Debug|Any CPU = Debug|Any CPU
		Release|Any CPU = Release|Any CPU
	EndGlobalSection
	GlobalSection(ProjectConfigurationPlatforms) = postSolution
		{7457D15F-8EC9-4922-B172-A34B239225A7}.Debug|Any CPU.ActiveCfg = Debug|Any CPU
		{7457D15F-8EC9-4922-B172-A34B239225A7}.Debug|Any CPU.Build.0 = Debug|Any CPU
		{7457D15F-8EC9-4922-B172-A34B239225A7}.Release|Any CPU.ActiveCfg = Release|Any CPU
		{7457D15F-8EC9-4922-B172-A34B239225A7}.Release|Any CPU.Build.0 = Release|Any CPU
	EndGlobalSection
	GlobalSection(SolutionProperties) = preSolution
		HideSolutionNode = FALSE
	EndGlobalSection
	GlobalSection(ExtensibilityGlobals) = postSolution
		SolutionGuid = {F984DDB0-66C2-437E-B09F-2D7256402F59}
	EndGlobalSection
EndGlobal
